
Microsoft Visual Studio Solution File, Format Version 12.00
# Visual Studio Version 17
VisualStudioVersion = 17.3.32819.101
MinimumVisualStudioVersion = 10.0.40219.1
Project("{FAE04EC0-301F-11D3-BF4B-00C04F79EFBC}") = "AlgoritmaSoruları2", "AlgoritmaSoruları2\AlgoritmaSoruları2.csproj", "{23D858BC-69E8-4018-9735-FE96F5CE1FCB}"
EndProject
Global
	GlobalSection(SolutionConfigurationPlatforms) = preSolution
		Debug|Any CPU = Debug|Any CPU
		Release|Any CPU = Release|Any CPU
	EndGlobalSection
	GlobalSection(ProjectConfigurationPlatforms) = postSolution
		{23D858BC-69E8-4018-9735-FE96F5CE1FCB}.Debug|Any CPU.ActiveCfg = Debug|Any CPU
		{23D858BC-69E8-4018-9735-FE96F5CE1FCB}.Debug|Any CPU.Build.0 = Debug|Any CPU
		{23D858BC-69E8-4018-9735-FE96F5CE1FCB}.Release|Any CPU.ActiveCfg = Release|Any CPU
		{23D858BC-69E8-4018-9735-FE96F5CE1FCB}.Release|Any CPU.Build.0 = Release|Any CPU
	EndGlobalSection
	GlobalSection(SolutionProperties) = preSolution
		HideSolutionNode = FALSE
	EndGlobalSection
	GlobalSection(ExtensibilityGlobals) = postSolution
		SolutionGuid = {F8EE898F-8CAB-4C70-8573-2A93612C8E55}
	EndGlobalSection
EndGlobal
