
Microsoft Visual Studio Solution File, Format Version 12.00
# Visual Studio Version 17
VisualStudioVersion = 17.3.32819.101
MinimumVisualStudioVersion = 10.0.40219.1
Project("{FAE04EC0-301F-11D3-BF4B-00C04F79EFBC}") = "AlgoritmaSoruları3", "AlgoritmaSoruları3\AlgoritmaSoruları3.csproj", "{46F1E63C-17D8-4744-A732-BEAD3F7075B9}"
EndProject
Global
	GlobalSection(SolutionConfigurationPlatforms) = preSolution
		Debug|Any CPU = Debug|Any CPU
		Release|Any CPU = Release|Any CPU
	EndGlobalSection
	GlobalSection(ProjectConfigurationPlatforms) = postSolution
		{46F1E63C-17D8-4744-A732-BEAD3F7075B9}.Debug|Any CPU.ActiveCfg = Debug|Any CPU
		{46F1E63C-17D8-4744-A732-BEAD3F7075B9}.Debug|Any CPU.Build.0 = Debug|Any CPU
		{46F1E63C-17D8-4744-A732-BEAD3F7075B9}.Release|Any CPU.ActiveCfg = Release|Any CPU
		{46F1E63C-17D8-4744-A732-BEAD3F7075B9}.Release|Any CPU.Build.0 = Release|Any CPU
	EndGlobalSection
	GlobalSection(SolutionProperties) = preSolution
		HideSolutionNode = FALSE
	EndGlobalSection
	GlobalSection(ExtensibilityGlobals) = postSolution
		SolutionGuid = {229D17A4-BABD-4A88-885E-A1CE5DAD3CFC}
	EndGlobalSection
EndGlobal
