
Microsoft Visual Studio Solution File, Format Version 12.00
# Visual Studio Version 17
VisualStudioVersion = 17.3.32819.101
MinimumVisualStudioVersion = 10.0.40219.1
Project("{FAE04EC0-301F-11D3-BF4B-00C04F79EFBC}") = "AlgoritmaSoruları4", "AlgoritmaSoruları4\AlgoritmaSoruları4.csproj", "{3F0DB99E-CE98-46DE-B116-89740583138E}"
EndProject
Global
	GlobalSection(SolutionConfigurationPlatforms) = preSolution
		Debug|Any CPU = Debug|Any CPU
		Release|Any CPU = Release|Any CPU
	EndGlobalSection
	GlobalSection(ProjectConfigurationPlatforms) = postSolution
		{3F0DB99E-CE98-46DE-B116-89740583138E}.Debug|Any CPU.ActiveCfg = Debug|Any CPU
		{3F0DB99E-CE98-46DE-B116-89740583138E}.Debug|Any CPU.Build.0 = Debug|Any CPU
		{3F0DB99E-CE98-46DE-B116-89740583138E}.Release|Any CPU.ActiveCfg = Release|Any CPU
		{3F0DB99E-CE98-46DE-B116-89740583138E}.Release|Any CPU.Build.0 = Release|Any CPU
	EndGlobalSection
	GlobalSection(SolutionProperties) = preSolution
		HideSolutionNode = FALSE
	EndGlobalSection
	GlobalSection(ExtensibilityGlobals) = postSolution
		SolutionGuid = {9D9FEE6E-31AE-4B61-987D-DC6721A0F00F}
	EndGlobalSection
EndGlobal
